
Microsoft Visual Studio Solution File, Format Version 12.00
# Visual Studio Version 16
VisualStudioVersion = 16.0.31729.503
MinimumVisualStudioVersion = 10.0.40219.1
Project("{FAE04EC0-301F-11D3-BF4B-00C04F79EFBC}") = "WebClientViewUrlImage", "WebClientViewUrlImage\WebClientViewUrlImage.csproj", "{B5D7C3A0-9FBB-46FC-99CA-800E1E94D223}"
EndProject
Global
	GlobalSection(SolutionConfigurationPlatforms) = preSolution
		Debug|Any CPU = Debug|Any CPU
		Release|Any CPU = Release|Any CPU
	EndGlobalSection
	GlobalSection(ProjectConfigurationPlatforms) = postSolution
		{B5D7C3A0-9FBB-46FC-99CA-800E1E94D223}.Debug|Any CPU.ActiveCfg = Debug|Any CPU
		{B5D7C3A0-9FBB-46FC-99CA-800E1E94D223}.Debug|Any CPU.Build.0 = Debug|Any CPU
		{B5D7C3A0-9FBB-46FC-99CA-800E1E94D223}.Release|Any CPU.ActiveCfg = Release|Any CPU
		{B5D7C3A0-9FBB-46FC-99CA-800E1E94D223}.Release|Any CPU.Build.0 = Release|Any CPU
	EndGlobalSection
	GlobalSection(SolutionProperties) = preSolution
		HideSolutionNode = FALSE
	EndGlobalSection
	GlobalSection(ExtensibilityGlobals) = postSolution
		SolutionGuid = {CD53350F-DABE-46F7-A096-B1CAFAB6FCD1}
	EndGlobalSection
EndGlobal
